
Microsoft Visual Studio Solution File, Format Version 12.00
# Visual Studio Version 17
VisualStudioVersion = 17.5.002.0
MinimumVisualStudioVersion = 10.0.40219.1
Project("{9A19103F-16F7-4668-BE54-9A1E7A4F7556}") = "myschoolmngapp", "myschoolmngapp.csproj", "{D18302BF-2CD3-4C4D-A225-E613918C743B}"
EndProject
Global
	GlobalSection(SolutionConfigurationPlatforms) = preSolution
		Debug|Any CPU = Debug|Any CPU
		Release|Any CPU = Release|Any CPU
	EndGlobalSection
	GlobalSection(ProjectConfigurationPlatforms) = postSolution
		{D18302BF-2CD3-4C4D-A225-E613918C743B}.Debug|Any CPU.ActiveCfg = Debug|Any CPU
		{D18302BF-2CD3-4C4D-A225-E613918C743B}.Debug|Any CPU.Build.0 = Debug|Any CPU
		{D18302BF-2CD3-4C4D-A225-E613918C743B}.Release|Any CPU.ActiveCfg = Release|Any CPU
		{D18302BF-2CD3-4C4D-A225-E613918C743B}.Release|Any CPU.Build.0 = Release|Any CPU
	EndGlobalSection
	GlobalSection(SolutionProperties) = preSolution
		HideSolutionNode = FALSE
	EndGlobalSection
	GlobalSection(ExtensibilityGlobals) = postSolution
		SolutionGuid = {867024AD-E343-401A-BB73-99DBDC775E28}
	EndGlobalSection
EndGlobal
